
Microsoft Visual Studio Solution File, Format Version 12.00
# Visual Studio Version 17
VisualStudioVersion = 17.5.002.0
MinimumVisualStudioVersion = 10.0.40219.1
Project("{9A19103F-16F7-4668-BE54-9A1E7A4F7556}") = "day04", "day04\day04.csproj", "{70BCCD99-8FC1-4311-962F-846E786FEBC8}"
EndProject
Project("{FAE04EC0-301F-11D3-BF4B-00C04F79EFBC}") = "day05", "day05\day05.csproj", "{100142B1-4BDA-4CD6-9CD0-2DA2ACB74D98}"
EndProject
Global
	GlobalSection(SolutionConfigurationPlatforms) = preSolution
		Debug|Any CPU = Debug|Any CPU
		Release|Any CPU = Release|Any CPU
	EndGlobalSection
	GlobalSection(ProjectConfigurationPlatforms) = postSolution
		{70BCCD99-8FC1-4311-962F-846E786FEBC8}.Debug|Any CPU.ActiveCfg = Debug|Any CPU
		{70BCCD99-8FC1-4311-962F-846E786FEBC8}.Debug|Any CPU.Build.0 = Debug|Any CPU
		{70BCCD99-8FC1-4311-962F-846E786FEBC8}.Release|Any CPU.ActiveCfg = Release|Any CPU
		{70BCCD99-8FC1-4311-962F-846E786FEBC8}.Release|Any CPU.Build.0 = Release|Any CPU
		{100142B1-4BDA-4CD6-9CD0-2DA2ACB74D98}.Debug|Any CPU.ActiveCfg = Debug|Any CPU
		{100142B1-4BDA-4CD6-9CD0-2DA2ACB74D98}.Debug|Any CPU.Build.0 = Debug|Any CPU
		{100142B1-4BDA-4CD6-9CD0-2DA2ACB74D98}.Release|Any CPU.ActiveCfg = Release|Any CPU
		{100142B1-4BDA-4CD6-9CD0-2DA2ACB74D98}.Release|Any CPU.Build.0 = Release|Any CPU
	EndGlobalSection
	GlobalSection(SolutionProperties) = preSolution
		HideSolutionNode = FALSE
	EndGlobalSection
	GlobalSection(ExtensibilityGlobals) = postSolution
		SolutionGuid = {A8F90F94-E108-4974-87AC-9ED75E480382}
	EndGlobalSection
EndGlobal
